// !$*UTF8*$!
{
	archiveVersion = 1;
	classes = {
	};
	objectVersion = 50;
	objects = {

/* Begin PBXBuildFile section */
		54F2C773226E90800076620C /* AppDelegate.swift in Sources */ = {isa = PBXBuildFile; fileRef = 54F2C772226E90800076620C /* AppDelegate.swift */; };
		54F2C775226E90800076620C /* ViewController.swift in Sources */ = {isa = PBXBuildFile; fileRef = 54F2C774226E90800076620C /* ViewController.swift */; };
		54F2C778226E90800076620C /* Main.storyboard in Resources */ = {isa = PBXBuildFile; fileRef = 54F2C776226E90800076620C /* Main.storyboard */; };
		54F2C77A226E90820076620C /* Assets.xcassets in Resources */ = {isa = PBXBuildFile; fileRef = 54F2C779226E90820076620C /* Assets.xcassets */; };
		54F2C77D226E90820076620C /* LaunchScreen.storyboard in Resources */ = {isa = PBXBuildFile; fileRef = 54F2C77B226E90820076620C /* LaunchScreen.storyboard */; };
		54F2C785226E91C90076620C /* GoogleService-Info.plist in Resources */ = {isa = PBXBuildFile; fileRef = 54F2C784226E91C90076620C /* GoogleService-Info.plist */; };
		54F2C787226E9A840076620C /* SearchViewController.swift in Sources */ = {isa = PBXBuildFile; fileRef = 54F2C786226E9A840076620C /* SearchViewController.swift */; };
		54F2C789226E9B2C0076620C /* SellTableViewController.swift in Sources */ = {isa = PBXBuildFile; fileRef = 54F2C788226E9B2C0076620C /* SellTableViewController.swift */; };
		54F2C78B226E9FA70076620C /* SearchListViewController.swift in Sources */ = {isa = PBXBuildFile; fileRef = 54F2C78A226E9FA70076620C /* SearchListViewController.swift */; };
		54F2C78F226EA9560076620C /* SearchTableViewController.swift in Sources */ = {isa = PBXBuildFile; fileRef = 54F2C78E226EA9560076620C /* SearchTableViewController.swift */; };
		54F2C791226EAAD90076620C /* Item.swift in Sources */ = {isa = PBXBuildFile; fileRef = 54F2C790226EAAD90076620C /* Item.swift */; };
		54F2C793226EBC1F0076620C /* Items.swift in Sources */ = {isa = PBXBuildFile; fileRef = 54F2C792226EBC1F0076620C /* Items.swift */; };
		54F2C795227160670076620C /* Photo.swift in Sources */ = {isa = PBXBuildFile; fileRef = 54F2C794227160670076620C /* Photo.swift */; };
		54F2C7972271622E0076620C /* Photos.swift in Sources */ = {isa = PBXBuildFile; fileRef = 54F2C7962271622E0076620C /* Photos.swift */; };
		54F2C7992271667E0076620C /* ItemPhotosCollectionViewCell.swift in Sources */ = {isa = PBXBuildFile; fileRef = 54F2C7982271667E0076620C /* ItemPhotosCollectionViewCell.swift */; };
		E72BA04D236897786B5BFCAA /* Pods_Katchy.framework in Frameworks */ = {isa = PBXBuildFile; fileRef = 1E11867B2DA6089E3AC62B0C /* Pods_Katchy.framework */; };
/* End PBXBuildFile section */

/* Begin PBXFileReference section */
		1A0F75641AE2B2E42E1F0D58 /* Pods-Katchy.debug.xcconfig */ = {isa = PBXFileReference; includeInIndex = 1; lastKnownFileType = text.xcconfig; name = "Pods-Katchy.debug.xcconfig"; path = "Target Support Files/Pods-Katchy/Pods-Katchy.debug.xcconfig"; sourceTree = "<group>"; };
		1E11867B2DA6089E3AC62B0C /* Pods_Katchy.framework */ = {isa = PBXFileReference; explicitFileType = wrapper.framework; includeInIndex = 0; path = Pods_Katchy.framework; sourceTree = BUILT_PRODUCTS_DIR; };
		54F2C76F226E90800076620C /* Katchy.app */ = {isa = PBXFileReference; explicitFileType = wrapper.application; includeInIndex = 0; path = Katchy.app; sourceTree = BUILT_PRODUCTS_DIR; };
		54F2C772226E90800076620C /* AppDelegate.swift */ = {isa = PBXFileReference; lastKnownFileType = sourcecode.swift; path = AppDelegate.swift; sourceTree = "<group>"; };
		54F2C774226E90800076620C /* ViewController.swift */ = {isa = PBXFileReference; lastKnownFileType = sourcecode.swift; path = ViewController.swift; sourceTree = "<group>"; };
		54F2C777226E90800076620C /* Base */ = {isa = PBXFileReference; lastKnownFileType = file.storyboard; name = Base; path = Base.lproj/Main.storyboard; sourceTree = "<group>"; };
		54F2C779226E90820076620C /* Assets.xcassets */ = {isa = PBXFileReference; lastKnownFileType = folder.assetcatalog; path = Assets.xcassets; sourceTree = "<group>"; };
		54F2C77C226E90820076620C /* Base */ = {isa = PBXFileReference; lastKnownFileType = file.storyboard; name = Base; path = Base.lproj/LaunchScreen.storyboard; sourceTree = "<group>"; };
		54F2C77E226E90820076620C /* Info.plist */ = {isa = PBXFileReference; lastKnownFileType = text.plist.xml; path = Info.plist; sourceTree = "<group>"; };
		54F2C784226E91C90076620C /* GoogleService-Info.plist */ = {isa = PBXFileReference; fileEncoding = 4; lastKnownFileType = text.plist.xml; path = "GoogleService-Info.plist"; sourceTree = SOURCE_ROOT; };
		54F2C786226E9A840076620C /* SearchViewController.swift */ = {isa = PBXFileReference; lastKnownFileType = sourcecode.swift; path = SearchViewController.swift; sourceTree = "<group>"; };
		54F2C788226E9B2C0076620C /* SellTableViewController.swift */ = {isa = PBXFileReference; lastKnownFileType = sourcecode.swift; path = SellTableViewController.swift; sourceTree = "<group>"; };
		54F2C78A226E9FA70076620C /* SearchListViewController.swift */ = {isa = PBXFileReference; lastKnownFileType = sourcecode.swift; path = SearchListViewController.swift; sourceTree = "<group>"; };
		54F2C78E226EA9560076620C /* SearchTableViewController.swift */ = {isa = PBXFileReference; lastKnownFileType = sourcecode.swift; path = SearchTableViewController.swift; sourceTree = "<group>"; };
		54F2C790226EAAD90076620C /* Item.swift */ = {isa = PBXFileReference; lastKnownFileType = sourcecode.swift; path = Item.swift; sourceTree = "<group>"; };
		54F2C792226EBC1F0076620C /* Items.swift */ = {isa = PBXFileReference; lastKnownFileType = sourcecode.swift; path = Items.swift; sourceTree = "<group>"; };
		54F2C794227160670076620C /* Photo.swift */ = {isa = PBXFileReference; lastKnownFileType = sourcecode.swift; path = Photo.swift; sourceTree = "<group>"; };
		54F2C7962271622E0076620C /* Photos.swift */ = {isa = PBXFileReference; lastKnownFileType = sourcecode.swift; path = Photos.swift; sourceTree = "<group>"; };
		54F2C7982271667E0076620C /* ItemPhotosCollectionViewCell.swift */ = {isa = PBXFileReference; lastKnownFileType = sourcecode.swift; path = ItemPhotosCollectionViewCell.swift; sourceTree = "<group>"; };
		EB38DE64AE7FFC9EF6E624CC /* Pods-Katchy.release.xcconfig */ = {isa = PBXFileReference; includeInIndex = 1; lastKnownFileType = text.xcconfig; name = "Pods-Katchy.release.xcconfig"; path = "Target Support Files/Pods-Katchy/Pods-Katchy.release.xcconfig"; sourceTree = "<group>"; };
/* End PBXFileReference section */

/* Begin PBXFrameworksBuildPhase section */
		54F2C76C226E90800076620C /* Frameworks */ = {
			isa = PBXFrameworksBuildPhase;
			buildActionMask = 2147483647;
			files = (
				E72BA04D236897786B5BFCAA /* Pods_Katchy.framework in Frameworks */,
			);
			runOnlyForDeploymentPostprocessing = 0;
		};
/* End PBXFrameworksBuildPhase section */

/* Begin PBXGroup section */
		1DBACF4FFEE7AA3BDA6C540A /* Frameworks */ = {
			isa = PBXGroup;
			children = (
				1E11867B2DA6089E3AC62B0C /* Pods_Katchy.framework */,
			);
			name = Frameworks;
			sourceTree = "<group>";
		};
		4E517E3D3F5991A692D7B3A5 /* Pods */ = {
			isa = PBXGroup;
			children = (
				1A0F75641AE2B2E42E1F0D58 /* Pods-Katchy.debug.xcconfig */,
				EB38DE64AE7FFC9EF6E624CC /* Pods-Katchy.release.xcconfig */,
			);
			path = Pods;
			sourceTree = "<group>";
		};
		54F2C766226E907F0076620C = {
			isa = PBXGroup;
			children = (
				54F2C771226E90800076620C /* Katchy */,
				54F2C770226E90800076620C /* Products */,
				4E517E3D3F5991A692D7B3A5 /* Pods */,
				1DBACF4FFEE7AA3BDA6C540A /* Frameworks */,
			);
			sourceTree = "<group>";
		};
		54F2C770226E90800076620C /* Products */ = {
			isa = PBXGroup;
			children = (
				54F2C76F226E90800076620C /* Katchy.app */,
			);
			name = Products;
			sourceTree = "<group>";
		};
		54F2C771226E90800076620C /* Katchy */ = {
			isa = PBXGroup;
			children = (
				54F2C772226E90800076620C /* AppDelegate.swift */,
				54F2C794227160670076620C /* Photo.swift */,
				54F2C7962271622E0076620C /* Photos.swift */,
				54F2C7982271667E0076620C /* ItemPhotosCollectionViewCell.swift */,
				54F2C790226EAAD90076620C /* Item.swift */,
				54F2C792226EBC1F0076620C /* Items.swift */,
				54F2C774226E90800076620C /* ViewController.swift */,
				54F2C788226E9B2C0076620C /* SellTableViewController.swift */,
				54F2C786226E9A840076620C /* SearchViewController.swift */,
				54F2C78A226E9FA70076620C /* SearchListViewController.swift */,
				54F2C78E226EA9560076620C /* SearchTableViewController.swift */,
				54F2C776226E90800076620C /* Main.storyboard */,
				54F2C779226E90820076620C /* Assets.xcassets */,
				54F2C77B226E90820076620C /* LaunchScreen.storyboard */,
				54F2C77E226E90820076620C /* Info.plist */,
				54F2C784226E91C90076620C /* GoogleService-Info.plist */,
			);
			path = Katchy;
			sourceTree = "<group>";
		};
/* End PBXGroup section */

/* Begin PBXNativeTarget section */
		54F2C76E226E90800076620C /* Katchy */ = {
			isa = PBXNativeTarget;
			buildConfigurationList = 54F2C781226E90820076620C /* Build configuration list for PBXNativeTarget "Katchy" */;
			buildPhases = (
				5DA217F67E5F53ACD13567DE /* [CP] Check Pods Manifest.lock */,
				54F2C76B226E90800076620C /* Sources */,
				54F2C76C226E90800076620C /* Frameworks */,
				54F2C76D226E90800076620C /* Resources */,
				908C2666F370A68135AA3BF0 /* [CP] Embed Pods Frameworks */,
				59CA0C0F2F993069403D4685 /* [CP] Copy Pods Resources */,
			);
			buildRules = (
			);
			dependencies = (
			);
			name = Katchy;
			productName = Katchy;
			productReference = 54F2C76F226E90800076620C /* Katchy.app */;
			productType = "com.apple.product-type.application";
		};
/* End PBXNativeTarget section */

/* Begin PBXProject section */
		54F2C767226E907F0076620C /* Project object */ = {
			isa = PBXProject;
			attributes = {
				LastSwiftUpdateCheck = 1020;
				LastUpgradeCheck = 1020;
				ORGANIZATIONNAME = "Katrina Liu";
				TargetAttributes = {
					54F2C76E226E90800076620C = {
						CreatedOnToolsVersion = 10.2.1;
					};
				};
			};
			buildConfigurationList = 54F2C76A226E907F0076620C /* Build configuration list for PBXProject "Katchy" */;
			compatibilityVersion = "Xcode 9.3";
			developmentRegion = en;
			hasScannedForEncodings = 0;
			knownRegions = (
				en,
				Base,
			);
			mainGroup = 54F2C766226E907F0076620C;
			productRefGroup = 54F2C770226E90800076620C /* Products */;
			projectDirPath = "";
			projectRoot = "";
			targets = (
				54F2C76E226E90800076620C /* Katchy */,
			);
		};
/* End PBXProject section */

/* Begin PBXResourcesBuildPhase section */
		54F2C76D226E90800076620C /* Resources */ = {
			isa = PBXResourcesBuildPhase;
			buildActionMask = 2147483647;
			files = (
				54F2C77D226E90820076620C /* LaunchScreen.storyboard in Resources */,
				54F2C785226E91C90076620C /* GoogleService-Info.plist in Resources */,
				54F2C77A226E90820076620C /* Assets.xcassets in Resources */,
				54F2C778226E90800076620C /* Main.storyboard in Resources */,
			);
			runOnlyForDeploymentPostprocessing = 0;
		};
/* End PBXResourcesBuildPhase section */

/* Begin PBXShellScriptBuildPhase section */
		59CA0C0F2F993069403D4685 /* [CP] Copy Pods Resources */ = {
			isa = PBXShellScriptBuildPhase;
			buildActionMask = 2147483647;
			files = (
			);
			inputFileListPaths = (
			);
			inputPaths = (
				"${PODS_ROOT}/Target Support Files/Pods-Katchy/Pods-Katchy-resources.sh",
				"${PODS_CONFIGURATION_BUILD_DIR}/FirebaseUI/FirebaseAuthUI.bundle",
				"${PODS_CONFIGURATION_BUILD_DIR}/FirebaseUI/FirebaseGoogleAuthUI.bundle",
				"${PODS_ROOT}/GoogleMaps/Maps/Frameworks/GoogleMaps.framework/Resources/GoogleMaps.bundle",
				"${PODS_ROOT}/GooglePlacePicker/Frameworks/GooglePlacePicker.framework/Resources/GooglePlacePicker.bundle",
				"${PODS_ROOT}/GooglePlaces/Frameworks/GooglePlaces.framework/Resources/GooglePlaces.bundle",
				"${PODS_ROOT}/GoogleSignIn/Resources/GoogleSignIn.bundle",
			);
			name = "[CP] Copy Pods Resources";
			outputFileListPaths = (
			);
			outputPaths = (
				"${TARGET_BUILD_DIR}/${UNLOCALIZED_RESOURCES_FOLDER_PATH}/FirebaseAuthUI.bundle",
				"${TARGET_BUILD_DIR}/${UNLOCALIZED_RESOURCES_FOLDER_PATH}/FirebaseGoogleAuthUI.bundle",
				"${TARGET_BUILD_DIR}/${UNLOCALIZED_RESOURCES_FOLDER_PATH}/GoogleMaps.bundle",
				"${TARGET_BUILD_DIR}/${UNLOCALIZED_RESOURCES_FOLDER_PATH}/GooglePlacePicker.bundle",
				"${TARGET_BUILD_DIR}/${UNLOCALIZED_RESOURCES_FOLDER_PATH}/GooglePlaces.bundle",
				"${TARGET_BUILD_DIR}/${UNLOCALIZED_RESOURCES_FOLDER_PATH}/GoogleSignIn.bundle",
			);
			runOnlyForDeploymentPostprocessing = 0;
			shellPath = /bin/sh;
			shellScript = "\"${PODS_ROOT}/Target Support Files/Pods-Katchy/Pods-Katchy-resources.sh\"\n";
			showEnvVarsInLog = 0;
		};
		5DA217F67E5F53ACD13567DE /* [CP] Check Pods Manifest.lock */ = {
			isa = PBXShellScriptBuildPhase;
			buildActionMask = 2147483647;
			files = (
			);
			inputFileListPaths = (
			);
			inputPaths = (
				"${PODS_PODFILE_DIR_PATH}/Podfile.lock",
				"${PODS_ROOT}/Manifest.lock",
			);
			name = "[CP] Check Pods Manifest.lock";
			outputFileListPaths = (
			);
			outputPaths = (
				"$(DERIVED_FILE_DIR)/Pods-Katchy-checkManifestLockResult.txt",
			);
			runOnlyForDeploymentPostprocessing = 0;
			shellPath = /bin/sh;
			shellScript = "diff \"${PODS_PODFILE_DIR_PATH}/Podfile.lock\" \"${PODS_ROOT}/Manifest.lock\" > /dev/null\nif [ $? != 0 ] ; then\n    # print error to STDERR\n    echo \"error: The sandbox is not in sync with the Podfile.lock. Run 'pod install' or update your CocoaPods installation.\" >&2\n    exit 1\nfi\n# This output is used by Xcode 'outputs' to avoid re-running this script phase.\necho \"SUCCESS\" > \"${SCRIPT_OUTPUT_FILE_0}\"\n";
			showEnvVarsInLog = 0;
		};
		908C2666F370A68135AA3BF0 /* [CP] Embed Pods Frameworks */ = {
			isa = PBXShellScriptBuildPhase;
			buildActionMask = 2147483647;
			files = (
			);
			inputFileListPaths = (
			);
			inputPaths = (
				"${PODS_ROOT}/Target Support Files/Pods-Katchy/Pods-Katchy-frameworks.sh",
				"${BUILT_PRODUCTS_DIR}/BoringSSL-GRPC/openssl_grpc.framework",
				"${BUILT_PRODUCTS_DIR}/GTMSessionFetcher/GTMSessionFetcher.framework",
				"${BUILT_PRODUCTS_DIR}/GoogleToolboxForMac/GoogleToolboxForMac.framework",
				"${BUILT_PRODUCTS_DIR}/GoogleUtilities/GoogleUtilities.framework",
				"${BUILT_PRODUCTS_DIR}/Protobuf/Protobuf.framework",
				"${BUILT_PRODUCTS_DIR}/SDWebImage/SDWebImage.framework",
				"${BUILT_PRODUCTS_DIR}/gRPC-C++/grpcpp.framework",
				"${BUILT_PRODUCTS_DIR}/gRPC-Core/grpc.framework",
				"${BUILT_PRODUCTS_DIR}/leveldb-library/leveldb.framework",
				"${BUILT_PRODUCTS_DIR}/nanopb/nanopb.framework",
			);
			name = "[CP] Embed Pods Frameworks";
			outputFileListPaths = (
			);
			outputPaths = (
				"${TARGET_BUILD_DIR}/${FRAMEWORKS_FOLDER_PATH}/openssl_grpc.framework",
				"${TARGET_BUILD_DIR}/${FRAMEWORKS_FOLDER_PATH}/GTMSessionFetcher.framework",
				"${TARGET_BUILD_DIR}/${FRAMEWORKS_FOLDER_PATH}/GoogleToolboxForMac.framework",
				"${TARGET_BUILD_DIR}/${FRAMEWORKS_FOLDER_PATH}/GoogleUtilities.framework",
				"${TARGET_BUILD_DIR}/${FRAMEWORKS_FOLDER_PATH}/Protobuf.framework",
				"${TARGET_BUILD_DIR}/${FRAMEWORKS_FOLDER_PATH}/SDWebImage.framework",
				"${TARGET_BUILD_DIR}/${FRAMEWORKS_FOLDER_PATH}/grpcpp.framework",
				"${TARGET_BUILD_DIR}/${FRAMEWORKS_FOLDER_PATH}/grpc.framework",
				"${TARGET_BUILD_DIR}/${FRAMEWORKS_FOLDER_PATH}/leveldb.framework",
				"${TARGET_BUILD_DIR}/${FRAMEWORKS_FOLDER_PATH}/nanopb.framework",
			);
			runOnlyForDeploymentPostprocessing = 0;
			shellPath = /bin/sh;
			shellScript = "\"${PODS_ROOT}/Target Support Files/Pods-Katchy/Pods-Katchy-frameworks.sh\"\n";
			showEnvVarsInLog = 0;
		};
/* End PBXShellScriptBuildPhase section */

/* Begin PBXSourcesBuildPhase section */
		54F2C76B226E90800076620C /* Sources */ = {
			isa = PBXSourcesBuildPhase;
			buildActionMask = 2147483647;
			files = (
				54F2C791226EAAD90076620C /* Item.swift in Sources */,
				54F2C787226E9A840076620C /* SearchViewController.swift in Sources */,
				54F2C78F226EA9560076620C /* SearchTableViewController.swift in Sources */,
				54F2C795227160670076620C /* Photo.swift in Sources */,
				54F2C775226E90800076620C /* ViewController.swift in Sources */,
				54F2C793226EBC1F0076620C /* Items.swift in Sources */,
				54F2C78B226E9FA70076620C /* SearchListViewController.swift in Sources */,
				54F2C789226E9B2C0076620C /* SellTableViewController.swift in Sources */,
				54F2C7972271622E0076620C /* Photos.swift in Sources */,
				54F2C7992271667E0076620C /* ItemPhotosCollectionViewCell.swift in Sources */,
				54F2C773226E90800076620C /* AppDelegate.swift in Sources */,
			);
			runOnlyForDeploymentPostprocessing = 0;
		};
/* End PBXSourcesBuildPhase section */

/* Begin PBXVariantGroup section */
		54F2C776226E90800076620C /* Main.storyboard */ = {
			isa = PBXVariantGroup;
			children = (
				54F2C777226E90800076620C /* Base */,
			);
			name = Main.storyboard;
			sourceTree = "<group>";
		};
		54F2C77B226E90820076620C /* LaunchScreen.storyboard */ = {
			isa = PBXVariantGroup;
			children = (
				54F2C77C226E90820076620C /* Base */,
			);
			name = LaunchScreen.storyboard;
			sourceTree = "<group>";
		};
/* End PBXVariantGroup section */

/* Begin XCBuildConfiguration section */
		54F2C77F226E90820076620C /* Debug */ = {
			isa = XCBuildConfiguration;
			buildSettings = {
				ALWAYS_SEARCH_USER_PATHS = NO;
				CLANG_ANALYZER_NONNULL = YES;
				CLANG_ANALYZER_NUMBER_OBJECT_CONVERSION = YES_AGGRESSIVE;
				CLANG_CXX_LANGUAGE_STANDARD = "gnu++14";
				CLANG_CXX_LIBRARY = "libc++";
				CLANG_ENABLE_MODULES = YES;
				CLANG_ENABLE_OBJC_ARC = YES;
				CLANG_ENABLE_OBJC_WEAK = YES;
				CLANG_WARN_BLOCK_CAPTURE_AUTORELEASING = YES;
				CLANG_WARN_BOOL_CONVERSION = YES;
				CLANG_WARN_COMMA = YES;
				CLANG_WARN_CONSTANT_CONVERSION = YES;
				CLANG_WARN_DEPRECATED_OBJC_IMPLEMENTATIONS = YES;
				CLANG_WARN_DIRECT_OBJC_ISA_USAGE = YES_ERROR;
				CLANG_WARN_DOCUMENTATION_COMMENTS = YES;
				CLANG_WARN_EMPTY_BODY = YES;
				CLANG_WARN_ENUM_CONVERSION = YES;
				CLANG_WARN_INFINITE_RECURSION = YES;
				CLANG_WARN_INT_CONVERSION = YES;
				CLANG_WARN_NON_LITERAL_NULL_CONVERSION = YES;
				CLANG_WARN_OBJC_IMPLICIT_RETAIN_SELF = YES;
				CLANG_WARN_OBJC_LITERAL_CONVERSION = YES;
				CLANG_WARN_OBJC_ROOT_CLASS = YES_ERROR;
				CLANG_WARN_RANGE_LOOP_ANALYSIS = YES;
				CLANG_WARN_STRICT_PROTOTYPES = YES;
				CLANG_WARN_SUSPICIOUS_MOVE = YES;
				CLANG_WARN_UNGUARDED_AVAILABILITY = YES_AGGRESSIVE;
				CLANG_WARN_UNREACHABLE_CODE = YES;
				CLANG_WARN__DUPLICATE_METHOD_MATCH = YES;
				CODE_SIGN_IDENTITY = "iPhone Developer";
				COPY_PHASE_STRIP = NO;
				DEBUG_INFORMATION_FORMAT = dwarf;
				ENABLE_STRICT_OBJC_MSGSEND = YES;
				ENABLE_TESTABILITY = YES;
				GCC_C_LANGUAGE_STANDARD = gnu11;
				GCC_DYNAMIC_NO_PIC = NO;
				GCC_NO_COMMON_BLOCKS = YES;
				GCC_OPTIMIZATION_LEVEL = 0;
				GCC_PREPROCESSOR_DEFINITIONS = (
					"DEBUG=1",
					"$(inherited)",
				);
				GCC_WARN_64_TO_32_BIT_CONVERSION = YES;
				GCC_WARN_ABOUT_RETURN_TYPE = YES_ERROR;
				GCC_WARN_UNDECLARED_SELECTOR = YES;
				GCC_WARN_UNINITIALIZED_AUTOS = YES_AGGRESSIVE;
				GCC_WARN_UNUSED_FUNCTION = YES;
				GCC_WARN_UNUSED_VARIABLE = YES;
				IPHONEOS_DEPLOYMENT_TARGET = 12.2;
				MTL_ENABLE_DEBUG_INFO = INCLUDE_SOURCE;
				MTL_FAST_MATH = YES;
				ONLY_ACTIVE_ARCH = YES;
				SDKROOT = iphoneos;
				SWIFT_ACTIVE_COMPILATION_CONDITIONS = DEBUG;
				SWIFT_OPTIMIZATION_LEVEL = "-Onone";
			};
			name = Debug;
		};
		54F2C780226E90820076620C /* Release */ = {
			isa = XCBuildConfiguration;
			buildSettings = {
				ALWAYS_SEARCH_USER_PATHS = NO;
				CLANG_ANALYZER_NONNULL = YES;
				CLANG_ANALYZER_NUMBER_OBJECT_CONVERSION = YES_AGGRESSIVE;
				CLANG_CXX_LANGUAGE_STANDARD = "gnu++14";
				CLANG_CXX_LIBRARY = "libc++";
				CLANG_ENABLE_MODULES = YES;
				CLANG_ENABLE_OBJC_ARC = YES;
				CLANG_ENABLE_OBJC_WEAK = YES;
				CLANG_WARN_BLOCK_CAPTURE_AUTORELEASING = YES;
				CLANG_WARN_BOOL_CONVERSION = YES;
				CLANG_WARN_COMMA = YES;
				CLANG_WARN_CONSTANT_CONVERSION = YES;
				CLANG_WARN_DEPRECATED_OBJC_IMPLEMENTATIONS = YES;
				CLANG_WARN_DIRECT_OBJC_ISA_USAGE = YES_ERROR;
				CLANG_WARN_DOCUMENTATION_COMMENTS = YES;
				CLANG_WARN_EMPTY_BODY = YES;
				CLANG_WARN_ENUM_CONVERSION = YES;
				CLANG_WARN_INFINITE_RECURSION = YES;
				CLANG_WARN_INT_CONVERSION = YES;
				CLANG_WARN_NON_LITERAL_NULL_CONVERSION = YES;
				CLANG_WARN_OBJC_IMPLICIT_RETAIN_SELF = YES;
				CLANG_WARN_OBJC_LITERAL_CONVERSION = YES;
				CLANG_WARN_OBJC_ROOT_CLASS = YES_ERROR;
				CLANG_WARN_RANGE_LOOP_ANALYSIS = YES;
				CLANG_WARN_STRICT_PROTOTYPES = YES;
				CLANG_WARN_SUSPICIOUS_MOVE = YES;
				CLANG_WARN_UNGUARDED_AVAILABILITY = YES_AGGRESSIVE;
				CLANG_WARN_UNREACHABLE_CODE = YES;
				CLANG_WARN__DUPLICATE_METHOD_MATCH = YES;
				CODE_SIGN_IDENTITY = "iPhone Developer";
				COPY_PHASE_STRIP = NO;
				DEBUG_INFORMATION_FORMAT = "dwarf-with-dsym";
				ENABLE_NS_ASSERTIONS = NO;
				ENABLE_STRICT_OBJC_MSGSEND = YES;
				GCC_C_LANGUAGE_STANDARD = gnu11;
				GCC_NO_COMMON_BLOCKS = YES;
				GCC_WARN_64_TO_32_BIT_CONVERSION = YES;
				GCC_WARN_ABOUT_RETURN_TYPE = YES_ERROR;
				GCC_WARN_UNDECLARED_SELECTOR = YES;
				GCC_WARN_UNINITIALIZED_AUTOS = YES_AGGRESSIVE;
				GCC_WARN_UNUSED_FUNCTION = YES;
				GCC_WARN_UNUSED_VARIABLE = YES;
				IPHONEOS_DEPLOYMENT_TARGET = 12.2;
				MTL_ENABLE_DEBUG_INFO = NO;
				MTL_FAST_MATH = YES;
				SDKROOT = iphoneos;
				SWIFT_COMPILATION_MODE = wholemodule;
				SWIFT_OPTIMIZATION_LEVEL = "-O";
				VALIDATE_PRODUCT = YES;
			};
			name = Release;
		};
		54F2C782226E90820076620C /* Debug */ = {
			isa = XCBuildConfiguration;
			baseConfigurationReference = 1A0F75641AE2B2E42E1F0D58 /* Pods-Katchy.debug.xcconfig */;
			buildSettings = {
				ASSETCATALOG_COMPILER_APPICON_NAME = AppIcon;
				CODE_SIGN_STYLE = Automatic;
				DEVELOPMENT_TEAM = QUU756R9VU;
				INFOPLIST_FILE = Katchy/Info.plist;
				LD_RUNPATH_SEARCH_PATHS = (
					"$(inherited)",
					"@executable_path/Frameworks",
				);
				PRODUCT_BUNDLE_IDENTIFIER = com.liu.Katchy;
				PRODUCT_NAME = "$(TARGET_NAME)";
				SWIFT_VERSION = 5.0;
				TARGETED_DEVICE_FAMILY = "1,2";
			};
			name = Debug;
		};
		54F2C783226E90820076620C /* Release */ = {
			isa = XCBuildConfiguration;
			baseConfigurationReference = EB38DE64AE7FFC9EF6E624CC /* Pods-Katchy.release.xcconfig */;
			buildSettings = {
				ASSETCATALOG_COMPILER_APPICON_NAME = AppIcon;
				CODE_SIGN_STYLE = Automatic;
				DEVELOPMENT_TEAM = QUU756R9VU;
				INFOPLIST_FILE = Katchy/Info.plist;
				LD_RUNPATH_SEARCH_PATHS = (
					"$(inherited)",
					"@executable_path/Frameworks",
				);
				PRODUCT_BUNDLE_IDENTIFIER = com.liu.Katchy;
				PRODUCT_NAME = "$(TARGET_NAME)";
				SWIFT_VERSION = 5.0;
				TARGETED_DEVICE_FAMILY = "1,2";
			};
			name = Release;
		};
/* End XCBuildConfiguration section */

/* Begin XCConfigurationList section */
		54F2C76A226E907F0076620C /* Build configuration list for PBXProject "Katchy" */ = {
			isa = XCConfigurationList;
			buildConfigurations = (
				54F2C77F226E90820076620C /* Debug */,
				54F2C780226E90820076620C /* Release */,
			);
			defaultConfigurationIsVisible = 0;
			defaultConfigurationName = Release;
		};
		54F2C781226E90820076620C /* Build configuration list for PBXNativeTarget "Katchy" */ = {
			isa = XCConfigurationList;
			buildConfigurations = (
				54F2C782226E90820076620C /* Debug */,
				54F2C783226E90820076620C /* Release */,
			);
			defaultConfigurationIsVisible = 0;
			defaultConfigurationName = Release;
		};
/* End XCConfigurationList section */
	};
	rootObject = 54F2C767226E907F0076620C /* Project object */;
}
